
Microsoft Visual Studio Solution File, Format Version 12.00
# Visual Studio 15
VisualStudioVersion = 15.0.28010.2003
MinimumVisualStudioVersion = 10.0.40219.1
Project("{FAE04EC0-301F-11D3-BF4B-00C04F79EFBC}") = "Data Structures", "Data Structures.csproj", "{6E987EA8-F38E-4922-9A37-217E25C279E9}"
EndProject
Global
	GlobalSection(SolutionConfigurationPlatforms) = preSolution
		Debug|Any CPU = Debug|Any CPU
		Release|Any CPU = Release|Any CPU
	EndGlobalSection
	GlobalSection(ProjectConfigurationPlatforms) = postSolution
		{6E987EA8-F38E-4922-9A37-217E25C279E9}.Debug|Any CPU.ActiveCfg = Debug|Any CPU
		{6E987EA8-F38E-4922-9A37-217E25C279E9}.Debug|Any CPU.Build.0 = Debug|Any CPU
		{6E987EA8-F38E-4922-9A37-217E25C279E9}.Release|Any CPU.ActiveCfg = Release|Any CPU
		{6E987EA8-F38E-4922-9A37-217E25C279E9}.Release|Any CPU.Build.0 = Release|Any CPU
	EndGlobalSection
	GlobalSection(SolutionProperties) = preSolution
		HideSolutionNode = FALSE
	EndGlobalSection
	GlobalSection(ExtensibilityGlobals) = postSolution
		SolutionGuid = {AAA3E2DA-171C-4490-A059-57EB41CF152A}
	EndGlobalSection
EndGlobal
