
Microsoft Visual Studio Solution File, Format Version 12.00
# Visual Studio 15
VisualStudioVersion = 15.0.28010.2003
MinimumVisualStudioVersion = 10.0.40219.1
Project("{FAE04EC0-301F-11D3-BF4B-00C04F79EFBC}") = "Exercise 19", "Exercise 19.csproj", "{C4295072-55BE-4FBA-A72E-E0F803B0FDD9}"
EndProject
Global
	GlobalSection(SolutionConfigurationPlatforms) = preSolution
		Debug|Any CPU = Debug|Any CPU
		Release|Any CPU = Release|Any CPU
	EndGlobalSection
	GlobalSection(ProjectConfigurationPlatforms) = postSolution
		{C4295072-55BE-4FBA-A72E-E0F803B0FDD9}.Debug|Any CPU.ActiveCfg = Debug|Any CPU
		{C4295072-55BE-4FBA-A72E-E0F803B0FDD9}.Debug|Any CPU.Build.0 = Debug|Any CPU
		{C4295072-55BE-4FBA-A72E-E0F803B0FDD9}.Release|Any CPU.ActiveCfg = Release|Any CPU
		{C4295072-55BE-4FBA-A72E-E0F803B0FDD9}.Release|Any CPU.Build.0 = Release|Any CPU
	EndGlobalSection
	GlobalSection(SolutionProperties) = preSolution
		HideSolutionNode = FALSE
	EndGlobalSection
	GlobalSection(ExtensibilityGlobals) = postSolution
		SolutionGuid = {12D94DA9-6516-4478-83EF-66D4510D3FFA}
	EndGlobalSection
EndGlobal
