
Microsoft Visual Studio Solution File, Format Version 12.00
# Visual Studio 15
VisualStudioVersion = 15.0.28010.2003
MinimumVisualStudioVersion = 10.0.40219.1
Project("{FAE04EC0-301F-11D3-BF4B-00C04F79EFBC}") = "Javascriptwebstuff", "Javascriptwebstuff\Javascriptwebstuff.csproj", "{CF21842C-0A04-4E7B-B317-F0E023309608}"
EndProject
Global
	GlobalSection(SolutionConfigurationPlatforms) = preSolution
		Debug|Any CPU = Debug|Any CPU
		Release|Any CPU = Release|Any CPU
	EndGlobalSection
	GlobalSection(ProjectConfigurationPlatforms) = postSolution
		{CF21842C-0A04-4E7B-B317-F0E023309608}.Debug|Any CPU.ActiveCfg = Debug|Any CPU
		{CF21842C-0A04-4E7B-B317-F0E023309608}.Debug|Any CPU.Build.0 = Debug|Any CPU
		{CF21842C-0A04-4E7B-B317-F0E023309608}.Release|Any CPU.ActiveCfg = Release|Any CPU
		{CF21842C-0A04-4E7B-B317-F0E023309608}.Release|Any CPU.Build.0 = Release|Any CPU
	EndGlobalSection
	GlobalSection(SolutionProperties) = preSolution
		HideSolutionNode = FALSE
	EndGlobalSection
	GlobalSection(ExtensibilityGlobals) = postSolution
		SolutionGuid = {4537C547-816F-471D-8A68-708998595134}
	EndGlobalSection
EndGlobal
