
Microsoft Visual Studio Solution File, Format Version 12.00
# Visual Studio 15
VisualStudioVersion = 15.0.28010.2003
MinimumVisualStudioVersion = 10.0.40219.1
Project("{FAE04EC0-301F-11D3-BF4B-00C04F79EFBC}") = "Exercise14", "Exercise14.csproj", "{7736B194-2454-4072-B7E3-AEF81875EA12}"
EndProject
Global
	GlobalSection(SolutionConfigurationPlatforms) = preSolution
		Debug|Any CPU = Debug|Any CPU
		Release|Any CPU = Release|Any CPU
	EndGlobalSection
	GlobalSection(ProjectConfigurationPlatforms) = postSolution
		{7736B194-2454-4072-B7E3-AEF81875EA12}.Debug|Any CPU.ActiveCfg = Debug|Any CPU
		{7736B194-2454-4072-B7E3-AEF81875EA12}.Debug|Any CPU.Build.0 = Debug|Any CPU
		{7736B194-2454-4072-B7E3-AEF81875EA12}.Release|Any CPU.ActiveCfg = Release|Any CPU
		{7736B194-2454-4072-B7E3-AEF81875EA12}.Release|Any CPU.Build.0 = Release|Any CPU
	EndGlobalSection
	GlobalSection(SolutionProperties) = preSolution
		HideSolutionNode = FALSE
	EndGlobalSection
	GlobalSection(ExtensibilityGlobals) = postSolution
		SolutionGuid = {C47E8189-2F8D-4E90-A06A-A41C9150AD80}
	EndGlobalSection
EndGlobal
