
Microsoft Visual Studio Solution File, Format Version 12.00
# Visual Studio 15
VisualStudioVersion = 15.0.28010.2003
MinimumVisualStudioVersion = 10.0.40219.1
Project("{FAE04EC0-301F-11D3-BF4B-00C04F79EFBC}") = "RazorLearning", "RazorLearning\RazorLearning.csproj", "{F232F507-9E29-4F29-AB92-2F676C69B0F8}"
EndProject
Global
	GlobalSection(SolutionConfigurationPlatforms) = preSolution
		Debug|Any CPU = Debug|Any CPU
		Release|Any CPU = Release|Any CPU
	EndGlobalSection
	GlobalSection(ProjectConfigurationPlatforms) = postSolution
		{F232F507-9E29-4F29-AB92-2F676C69B0F8}.Debug|Any CPU.ActiveCfg = Debug|Any CPU
		{F232F507-9E29-4F29-AB92-2F676C69B0F8}.Debug|Any CPU.Build.0 = Debug|Any CPU
		{F232F507-9E29-4F29-AB92-2F676C69B0F8}.Release|Any CPU.ActiveCfg = Release|Any CPU
		{F232F507-9E29-4F29-AB92-2F676C69B0F8}.Release|Any CPU.Build.0 = Release|Any CPU
	EndGlobalSection
	GlobalSection(SolutionProperties) = preSolution
		HideSolutionNode = FALSE
	EndGlobalSection
	GlobalSection(ExtensibilityGlobals) = postSolution
		SolutionGuid = {0F343196-7D56-46B4-9DB8-315E0914718C}
	EndGlobalSection
EndGlobal
