
Microsoft Visual Studio Solution File, Format Version 12.00
# Visual Studio 15
VisualStudioVersion = 15.0.28010.2003
MinimumVisualStudioVersion = 10.0.40219.1
Project("{FAE04EC0-301F-11D3-BF4B-00C04F79EFBC}") = "Lab11", "Lab11.csproj", "{97263E4D-25BB-48EB-9680-F7375339A4D5}"
EndProject
Global
	GlobalSection(SolutionConfigurationPlatforms) = preSolution
		Debug|Any CPU = Debug|Any CPU
		Release|Any CPU = Release|Any CPU
	EndGlobalSection
	GlobalSection(ProjectConfigurationPlatforms) = postSolution
		{97263E4D-25BB-48EB-9680-F7375339A4D5}.Debug|Any CPU.ActiveCfg = Debug|Any CPU
		{97263E4D-25BB-48EB-9680-F7375339A4D5}.Debug|Any CPU.Build.0 = Debug|Any CPU
		{97263E4D-25BB-48EB-9680-F7375339A4D5}.Release|Any CPU.ActiveCfg = Release|Any CPU
		{97263E4D-25BB-48EB-9680-F7375339A4D5}.Release|Any CPU.Build.0 = Release|Any CPU
	EndGlobalSection
	GlobalSection(SolutionProperties) = preSolution
		HideSolutionNode = FALSE
	EndGlobalSection
	GlobalSection(ExtensibilityGlobals) = postSolution
		SolutionGuid = {F7558AF0-38F6-4374-B316-60E7D001C6DE}
	EndGlobalSection
EndGlobal
