
Microsoft Visual Studio Solution File, Format Version 12.00
# Visual Studio 15
VisualStudioVersion = 15.0.28010.2003
MinimumVisualStudioVersion = 10.0.40219.1
Project("{FAE04EC0-301F-11D3-BF4B-00C04F79EFBC}") = "Exercise 3", "Exercise 3.csproj", "{2B70FFBA-F3AD-46D0-8D88-B2FE799C2FC9}"
EndProject
Global
	GlobalSection(SolutionConfigurationPlatforms) = preSolution
		Debug|Any CPU = Debug|Any CPU
		Release|Any CPU = Release|Any CPU
	EndGlobalSection
	GlobalSection(ProjectConfigurationPlatforms) = postSolution
		{2B70FFBA-F3AD-46D0-8D88-B2FE799C2FC9}.Debug|Any CPU.ActiveCfg = Debug|Any CPU
		{2B70FFBA-F3AD-46D0-8D88-B2FE799C2FC9}.Debug|Any CPU.Build.0 = Debug|Any CPU
		{2B70FFBA-F3AD-46D0-8D88-B2FE799C2FC9}.Release|Any CPU.ActiveCfg = Release|Any CPU
		{2B70FFBA-F3AD-46D0-8D88-B2FE799C2FC9}.Release|Any CPU.Build.0 = Release|Any CPU
	EndGlobalSection
	GlobalSection(SolutionProperties) = preSolution
		HideSolutionNode = FALSE
	EndGlobalSection
	GlobalSection(ExtensibilityGlobals) = postSolution
		SolutionGuid = {D04785C0-3491-47E3-B4B4-E1AAA9FFC5C8}
	EndGlobalSection
EndGlobal
