
Microsoft Visual Studio Solution File, Format Version 12.00
# Visual Studio 15
VisualStudioVersion = 15.0.28010.2003
MinimumVisualStudioVersion = 10.0.40219.1
Project("{FAE04EC0-301F-11D3-BF4B-00C04F79EFBC}") = "Exercise13", "Exercise13.csproj", "{D774AAAF-9A86-4493-9788-A01EA7B0E35D}"
EndProject
Global
	GlobalSection(SolutionConfigurationPlatforms) = preSolution
		Debug|Any CPU = Debug|Any CPU
		Release|Any CPU = Release|Any CPU
	EndGlobalSection
	GlobalSection(ProjectConfigurationPlatforms) = postSolution
		{D774AAAF-9A86-4493-9788-A01EA7B0E35D}.Debug|Any CPU.ActiveCfg = Debug|Any CPU
		{D774AAAF-9A86-4493-9788-A01EA7B0E35D}.Debug|Any CPU.Build.0 = Debug|Any CPU
		{D774AAAF-9A86-4493-9788-A01EA7B0E35D}.Release|Any CPU.ActiveCfg = Release|Any CPU
		{D774AAAF-9A86-4493-9788-A01EA7B0E35D}.Release|Any CPU.Build.0 = Release|Any CPU
	EndGlobalSection
	GlobalSection(SolutionProperties) = preSolution
		HideSolutionNode = FALSE
	EndGlobalSection
	GlobalSection(ExtensibilityGlobals) = postSolution
		SolutionGuid = {ED29C9A2-AB7A-4077-A175-D6C46EC3F666}
	EndGlobalSection
EndGlobal
